github.com/go-webgpu/goffi v0.6.0 h1:dTBwfzj8CZUW0w0fgeMaYGBrIktK7nzfjMsnSpkSt4Y=
github.com/go-webgpu/goffi v0.6.0/go.mod h1:wfoxNsJkU+5RFbV1kNN1kunhc1lFHuJKK3zpgx08/uM=
github.com/go-webgpu/webgpu v0.5.3 h1:EFinkgY9eSNBsougS8Z+m5v4Ue8k2B1w9G77Dvh1wTQ=
github.com/go-webgpu/webgpu v0.5.3/go.mod h1:/kJpg7pKvyQqjg6ewvQBc9HmS2FuzVESRqopbdaaYW8=
github.com/gogpu/gpucontext v0.21.1 h1:/X96uCLG8QtQVfGPYPz8ycnfsAg0iTyzqzEadWBUupU=
github.com/gogpu/gpucontext v0.21.1/go.mod h1:OrT137boh5yPhqBEhF4UQKIOu1Jq74SLQzYa/m6JbNo=
github.com/gogpu/gputypes v0.5.1 h1:X38OPcP6umQqqubzzJYL6Nm1tXHSNQj6TRSAoxdAJmg=
github.com/gogpu/gputypes v0.5.1/go.mod h1:cnXrDMwTpWTvJLW1Vreop3PcT6a2YP/i3s91rPaOavw=
github.com/gogpu/naga v0.17.15 h1:uyy4bc8wYlvDaYOpmCBYrJ+d+e7ZqP2BN36csmRVs7o=
github.com/gogpu/naga v0.17.15/go.mod h1:15sQaHKkbqXcwTN+hHYGLsA0WBBnkmYzne/eF5p5WEg=
github.com/gogpu/wgpu v0.30.19 h1:aGH08JzX0UeHKEMys69DSVnpu/99g5WmaUl/2iIqcnc=
github.com/gogpu/wgpu v0.30.19/go.mod h1:GWf1tA/Lr9n+aFUa0bMOFJKMU0BwSeYNGTZdQMFjx7Q=
golang.org/x/sys v0.47.0 h1:o7XGOvZQCADBQQ4Y7VNq2dRWQR7JmOUW8Kxx4ZsNgWs=
golang.org/x/sys v0.47.0/go.mod h1:4GL1E5IUh+htKOUEOaiffhrAeqysfVGipDYzABqnCmw=
